
Microsoft Visual Studio Solution File, Format Version 12.00
# Visual Studio Version 17
VisualStudioVersion = 17.7.34024.191
MinimumVisualStudioVersion = 10.0.40219.1
Project("{2150E333-8FDC-42A3-9474-1A3956D46DE8}") = "启动", "启动", "{CA2F4602-FDEF-453A-840F-7B18ED60FF1E}"
EndProject
Project("{9A19103F-16F7-4668-BE54-9A1E7A4F7556}") = "CandySugar.MainUI", "..\MC\CandySugar.MainUI\CandySugar.MainUI.csproj", "{A2C40383-9F8B-4608-A495-B2621C2056CD}"
EndProject
Project("{2150E333-8FDC-42A3-9474-1A3956D46DE8}") = "页面", "页面", "{89D36F0C-0531-4088-9139-2AF583AF8C7A}"
EndProject
Project("{2150E333-8FDC-42A3-9474-1A3956D46DE8}") = "数据", "数据", "{EE64336B-0FBE-4708-8C2A-D5B046DF5A8D}"
EndProject
Project("{2150E333-8FDC-42A3-9474-1A3956D46DE8}") = "类库", "类库", "{210E62B5-E54A-426B-9BC6-2DF9D9F24228}"
EndProject
Project("{9A19103F-16F7-4668-BE54-9A1E7A4F7556}") = "CandySugar.Com.Pages", "..\MC\CandySugar.Com.Pages\CandySugar.Com.Pages.csproj", "{21DF3B05-A220-441E-9BE4-977F928F7F05}"
EndProject
Project("{9A19103F-16F7-4668-BE54-9A1E7A4F7556}") = "CandySugar.Com.Library", "..\MC\CandySugar.Com.Library\CandySugar.Com.Library.csproj", "{90B75364-5BBD-4206-8276-66A113C301BD}"
EndProject
Project("{FAE04EC0-301F-11D3-BF4B-00C04F79EFBC}") = "CandySugar.Com.Service", "..\MC\CandySugar.Com.Service\CandySugar.Com.Service.csproj", "{6DD69B0F-98FC-46A7-A7F6-87D6F7B4B79A}"
EndProject
Global
	GlobalSection(SolutionConfigurationPlatforms) = preSolution
		Debug|Any CPU = Debug|Any CPU
		Release|Any CPU = Release|Any CPU
	EndGlobalSection
	GlobalSection(ProjectConfigurationPlatforms) = postSolution
		{A2C40383-9F8B-4608-A495-B2621C2056CD}.Debug|Any CPU.ActiveCfg = Debug|Any CPU
		{A2C40383-9F8B-4608-A495-B2621C2056CD}.Debug|Any CPU.Build.0 = Debug|Any CPU
		{A2C40383-9F8B-4608-A495-B2621C2056CD}.Debug|Any CPU.Deploy.0 = Debug|Any CPU
		{A2C40383-9F8B-4608-A495-B2621C2056CD}.Release|Any CPU.ActiveCfg = Release|Any CPU
		{A2C40383-9F8B-4608-A495-B2621C2056CD}.Release|Any CPU.Build.0 = Release|Any CPU
		{A2C40383-9F8B-4608-A495-B2621C2056CD}.Release|Any CPU.Deploy.0 = Release|Any CPU
		{21DF3B05-A220-441E-9BE4-977F928F7F05}.Debug|Any CPU.ActiveCfg = Debug|Any CPU
		{21DF3B05-A220-441E-9BE4-977F928F7F05}.Debug|Any CPU.Build.0 = Debug|Any CPU
		{21DF3B05-A220-441E-9BE4-977F928F7F05}.Release|Any CPU.ActiveCfg = Release|Any CPU
		{21DF3B05-A220-441E-9BE4-977F928F7F05}.Release|Any CPU.Build.0 = Release|Any CPU
		{90B75364-5BBD-4206-8276-66A113C301BD}.Debug|Any CPU.ActiveCfg = Debug|Any CPU
		{90B75364-5BBD-4206-8276-66A113C301BD}.Debug|Any CPU.Build.0 = Debug|Any CPU
		{90B75364-5BBD-4206-8276-66A113C301BD}.Release|Any CPU.ActiveCfg = Release|Any CPU
		{90B75364-5BBD-4206-8276-66A113C301BD}.Release|Any CPU.Build.0 = Release|Any CPU
		{6DD69B0F-98FC-46A7-A7F6-87D6F7B4B79A}.Debug|Any CPU.ActiveCfg = Debug|Any CPU
		{6DD69B0F-98FC-46A7-A7F6-87D6F7B4B79A}.Debug|Any CPU.Build.0 = Debug|Any CPU
		{6DD69B0F-98FC-46A7-A7F6-87D6F7B4B79A}.Release|Any CPU.ActiveCfg = Release|Any CPU
		{6DD69B0F-98FC-46A7-A7F6-87D6F7B4B79A}.Release|Any CPU.Build.0 = Release|Any CPU
	EndGlobalSection
	GlobalSection(SolutionProperties) = preSolution
		HideSolutionNode = FALSE
	EndGlobalSection
	GlobalSection(NestedProjects) = preSolution
		{A2C40383-9F8B-4608-A495-B2621C2056CD} = {CA2F4602-FDEF-453A-840F-7B18ED60FF1E}
		{21DF3B05-A220-441E-9BE4-977F928F7F05} = {89D36F0C-0531-4088-9139-2AF583AF8C7A}
		{90B75364-5BBD-4206-8276-66A113C301BD} = {210E62B5-E54A-426B-9BC6-2DF9D9F24228}
		{6DD69B0F-98FC-46A7-A7F6-87D6F7B4B79A} = {EE64336B-0FBE-4708-8C2A-D5B046DF5A8D}
	EndGlobalSection
	GlobalSection(ExtensibilityGlobals) = postSolution
		SolutionGuid = {09818CD6-ED8F-47AC-B185-55F22C045659}
	EndGlobalSection
EndGlobal
