
Microsoft Visual Studio Solution File, Format Version 12.00
# Visual Studio Version 17
VisualStudioVersion = 17.10.35013.160
MinimumVisualStudioVersion = 10.0.40219.1
Project("{2150E333-8FDC-42A3-9474-1A3956D46DE8}") = "启动", "启动", "{8802B723-CAF2-419F-9FA1-DD6EE96B8ED6}"
EndProject
Project("{2150E333-8FDC-42A3-9474-1A3956D46DE8}") = "配置", "配置", "{293CA34B-5365-4995-8424-55DBB5D1E755}"
EndProject
Project("{2150E333-8FDC-42A3-9474-1A3956D46DE8}") = "类库", "类库", "{44290246-6FFD-48A6-8A3C-554BD6291B3C}"
EndProject
Project("{2150E333-8FDC-42A3-9474-1A3956D46DE8}") = "资源", "资源", "{FEDCB6E1-1CAB-44E8-90E2-981658089939}"
EndProject
Project("{2150E333-8FDC-42A3-9474-1A3956D46DE8}") = "插件", "插件", "{A92F09A4-BA92-4AB1-9AC6-0B801066EA5F}"
EndProject
Project("{2150E333-8FDC-42A3-9474-1A3956D46DE8}") = "控件", "控件", "{5AFE4FDF-32F7-4654-B56B-232E37DCFE74}"
EndProject
Project("{2150E333-8FDC-42A3-9474-1A3956D46DE8}") = "会员插件", "会员插件", "{0E5BD4EA-CC43-4A0C-935A-D976F0C1AA18}"
EndProject
Project("{2150E333-8FDC-42A3-9474-1A3956D46DE8}") = "基本插件", "基本插件", "{365D3069-1933-4B8D-ACFE-C7F0D80DFF16}"
EndProject
Project("{9A19103F-16F7-4668-BE54-9A1E7A4F7556}") = "CandySugar.Com.Options", "..\PC\Common\CandySugar.Com.Options\CandySugar.Com.Options.csproj", "{3BC3CF8B-9896-4331-93D1-4A6E61136385}"
EndProject
Project("{9A19103F-16F7-4668-BE54-9A1E7A4F7556}") = "CandySugar.MainUI", "..\PC\Launch\CandySugar.MainUI\CandySugar.MainUI.csproj", "{6E3DEC06-C6DF-405C-B38A-B1951776DF19}"
EndProject
Project("{9A19103F-16F7-4668-BE54-9A1E7A4F7556}") = "CandySugar.Com.Style", "..\PC\Common\CandySugar.Com.Style\CandySugar.Com.Style.csproj", "{35941CF4-E6B7-4473-9D05-038CAFC7A3A4}"
EndProject
Project("{9A19103F-16F7-4668-BE54-9A1E7A4F7556}") = "CandySugar.Com.Data", "..\PC\Common\CandySugar.Com.Data\CandySugar.Com.Data.csproj", "{BF6DE9BF-496B-458C-8DDF-0A10297F0710}"
EndProject
Project("{9A19103F-16F7-4668-BE54-9A1E7A4F7556}") = "CandySugar.Com.Library", "..\PC\Common\CandySugar.Com.Library\CandySugar.Com.Library.csproj", "{2DFD3573-02AE-4819-AB66-10BD558C69CC}"
EndProject
Project("{9A19103F-16F7-4668-BE54-9A1E7A4F7556}") = "CandySugar.Com.Controls", "..\PC\Common\CandySugar.Com.Controls\CandySugar.Com.Controls.csproj", "{5A2AACDA-B970-4A7A-9583-E5E6523DC488}"
EndProject
Project("{9A19103F-16F7-4668-BE54-9A1E7A4F7556}") = "CandySugar.HostServer", "..\PC\Launch\CandySugar.HostServer\CandySugar.HostServer.csproj", "{905BD2CE-65CC-433B-B337-F5A72333E284}"
EndProject
Project("{9A19103F-16F7-4668-BE54-9A1E7A4F7556}") = "CandySugar.LightNovel", "..\PC\Component\CandySugar.LightNovel\CandySugar.LightNovel.csproj", "{0F9AA369-07D9-4AA2-A1E2-9F0076CAA835}"
EndProject
Project("{9A19103F-16F7-4668-BE54-9A1E7A4F7556}") = "CandySugar.Bilibili", "..\PC\Component\CandySugar.Bilibili\CandySugar.Bilibili.csproj", "{F79BBE5D-3C4A-45C6-B4D8-42117F55B551}"
EndProject
Project("{9A19103F-16F7-4668-BE54-9A1E7A4F7556}") = "CandySugar.Anime", "..\PC\Component\CandySugar.Anime\CandySugar.Anime.csproj", "{FCBDDF67-B1EE-473B-82C2-AE4DD7EB9C1E}"
EndProject
Project("{9A19103F-16F7-4668-BE54-9A1E7A4F7556}") = "CandySugar.Novel", "..\PC\Component\CandySugar.Novel\CandySugar.Novel.csproj", "{05CA16FD-4D4C-4F8B-A31F-FB7A21B17AA5}"
EndProject
Project("{9A19103F-16F7-4668-BE54-9A1E7A4F7556}") = "CandySugar.Manga", "..\PC\Component\CandySugar.Manga\CandySugar.Manga.csproj", "{764F1173-BD76-411C-AF62-ADED56EC0F1A}"
EndProject
Project("{9A19103F-16F7-4668-BE54-9A1E7A4F7556}") = "CandySugar.Axgle", "..\PC\Component\CandySugar.Axgle\CandySugar.Axgle.csproj", "{F8918A44-B028-48F9-840A-5DF7DE3B3623}"
EndProject
Project("{9A19103F-16F7-4668-BE54-9A1E7A4F7556}") = "CandySugar.Rifan", "..\PC\Component\CandySugar.Rifan\CandySugar.Rifan.csproj", "{CB1A276C-E44F-41F0-AFE1-D4F224D68651}"
EndProject
Project("{9A19103F-16F7-4668-BE54-9A1E7A4F7556}") = "CandySugar.Movie", "..\PC\Component\CandySugar.Movie\CandySugar.Movie.csproj", "{574D7327-288D-4A91-AB83-0D2B192130F1}"
EndProject
Project("{9A19103F-16F7-4668-BE54-9A1E7A4F7556}") = "CandySugar.Music", "..\PC\Component\CandySugar.Music\CandySugar.Music.csproj", "{4920650D-6828-46D5-BD06-DD9303BCE16F}"
EndProject
Project("{FAE04EC0-301F-11D3-BF4B-00C04F79EFBC}") = "CandySugar.Cosplay", "..\PC\Component\CandySugar.Cosplay\CandySugar.Cosplay.csproj", "{94D5BEDE-E8B4-4FAC-AC87-6878ACDA9506}"
EndProject
Project("{FAE04EC0-301F-11D3-BF4B-00C04F79EFBC}") = "CandySugar.NHViewer", "..\PC\Component\CandySugar.NHViewer\CandySugar.NHViewer.csproj", "{242437A6-E277-4954-98C2-1B6E6DCFC26F}"
EndProject
Project("{FAE04EC0-301F-11D3-BF4B-00C04F79EFBC}") = "CandySugar.Comic", "..\PC\Component\CandySugar.Comic\CandySugar.Comic.csproj", "{649ED15A-319E-46C3-A438-B2FA9563D7FF}"
EndProject
Project("{FAE04EC0-301F-11D3-BF4B-00C04F79EFBC}") = "CandySugar.WallPaper", "..\PC\Component\CandySugar.WallPaper\CandySugar.WallPaper.csproj", "{A22D23CD-3AEC-4612-9AE3-5EB51EA68C58}"
EndProject
Global
	GlobalSection(SolutionConfigurationPlatforms) = preSolution
		Debug|Any CPU = Debug|Any CPU
		Release|Any CPU = Release|Any CPU
	EndGlobalSection
	GlobalSection(ProjectConfigurationPlatforms) = postSolution
		{3BC3CF8B-9896-4331-93D1-4A6E61136385}.Debug|Any CPU.ActiveCfg = Debug|Any CPU
		{3BC3CF8B-9896-4331-93D1-4A6E61136385}.Debug|Any CPU.Build.0 = Debug|Any CPU
		{3BC3CF8B-9896-4331-93D1-4A6E61136385}.Release|Any CPU.ActiveCfg = Release|Any CPU
		{3BC3CF8B-9896-4331-93D1-4A6E61136385}.Release|Any CPU.Build.0 = Release|Any CPU
		{6E3DEC06-C6DF-405C-B38A-B1951776DF19}.Debug|Any CPU.ActiveCfg = Debug|Any CPU
		{6E3DEC06-C6DF-405C-B38A-B1951776DF19}.Debug|Any CPU.Build.0 = Debug|Any CPU
		{6E3DEC06-C6DF-405C-B38A-B1951776DF19}.Release|Any CPU.ActiveCfg = Release|Any CPU
		{6E3DEC06-C6DF-405C-B38A-B1951776DF19}.Release|Any CPU.Build.0 = Release|Any CPU
		{35941CF4-E6B7-4473-9D05-038CAFC7A3A4}.Debug|Any CPU.ActiveCfg = Debug|Any CPU
		{35941CF4-E6B7-4473-9D05-038CAFC7A3A4}.Debug|Any CPU.Build.0 = Debug|Any CPU
		{35941CF4-E6B7-4473-9D05-038CAFC7A3A4}.Release|Any CPU.ActiveCfg = Release|Any CPU
		{35941CF4-E6B7-4473-9D05-038CAFC7A3A4}.Release|Any CPU.Build.0 = Release|Any CPU
		{BF6DE9BF-496B-458C-8DDF-0A10297F0710}.Debug|Any CPU.ActiveCfg = Debug|Any CPU
		{BF6DE9BF-496B-458C-8DDF-0A10297F0710}.Debug|Any CPU.Build.0 = Debug|Any CPU
		{BF6DE9BF-496B-458C-8DDF-0A10297F0710}.Release|Any CPU.ActiveCfg = Release|Any CPU
		{BF6DE9BF-496B-458C-8DDF-0A10297F0710}.Release|Any CPU.Build.0 = Release|Any CPU
		{2DFD3573-02AE-4819-AB66-10BD558C69CC}.Debug|Any CPU.ActiveCfg = Debug|Any CPU
		{2DFD3573-02AE-4819-AB66-10BD558C69CC}.Debug|Any CPU.Build.0 = Debug|Any CPU
		{2DFD3573-02AE-4819-AB66-10BD558C69CC}.Release|Any CPU.ActiveCfg = Release|Any CPU
		{2DFD3573-02AE-4819-AB66-10BD558C69CC}.Release|Any CPU.Build.0 = Release|Any CPU
		{5A2AACDA-B970-4A7A-9583-E5E6523DC488}.Debug|Any CPU.ActiveCfg = Debug|Any CPU
		{5A2AACDA-B970-4A7A-9583-E5E6523DC488}.Debug|Any CPU.Build.0 = Debug|Any CPU
		{5A2AACDA-B970-4A7A-9583-E5E6523DC488}.Release|Any CPU.ActiveCfg = Release|Any CPU
		{5A2AACDA-B970-4A7A-9583-E5E6523DC488}.Release|Any CPU.Build.0 = Release|Any CPU
		{905BD2CE-65CC-433B-B337-F5A72333E284}.Debug|Any CPU.ActiveCfg = Debug|Any CPU
		{905BD2CE-65CC-433B-B337-F5A72333E284}.Debug|Any CPU.Build.0 = Debug|Any CPU
		{905BD2CE-65CC-433B-B337-F5A72333E284}.Release|Any CPU.ActiveCfg = Release|Any CPU
		{905BD2CE-65CC-433B-B337-F5A72333E284}.Release|Any CPU.Build.0 = Release|Any CPU
		{0F9AA369-07D9-4AA2-A1E2-9F0076CAA835}.Debug|Any CPU.ActiveCfg = Debug|Any CPU
		{0F9AA369-07D9-4AA2-A1E2-9F0076CAA835}.Debug|Any CPU.Build.0 = Debug|Any CPU
		{0F9AA369-07D9-4AA2-A1E2-9F0076CAA835}.Release|Any CPU.ActiveCfg = Release|Any CPU
		{0F9AA369-07D9-4AA2-A1E2-9F0076CAA835}.Release|Any CPU.Build.0 = Release|Any CPU
		{F79BBE5D-3C4A-45C6-B4D8-42117F55B551}.Debug|Any CPU.ActiveCfg = Debug|Any CPU
		{F79BBE5D-3C4A-45C6-B4D8-42117F55B551}.Debug|Any CPU.Build.0 = Debug|Any CPU
		{F79BBE5D-3C4A-45C6-B4D8-42117F55B551}.Release|Any CPU.ActiveCfg = Release|Any CPU
		{F79BBE5D-3C4A-45C6-B4D8-42117F55B551}.Release|Any CPU.Build.0 = Release|Any CPU
		{FCBDDF67-B1EE-473B-82C2-AE4DD7EB9C1E}.Debug|Any CPU.ActiveCfg = Debug|Any CPU
		{FCBDDF67-B1EE-473B-82C2-AE4DD7EB9C1E}.Debug|Any CPU.Build.0 = Debug|Any CPU
		{FCBDDF67-B1EE-473B-82C2-AE4DD7EB9C1E}.Release|Any CPU.ActiveCfg = Release|Any CPU
		{FCBDDF67-B1EE-473B-82C2-AE4DD7EB9C1E}.Release|Any CPU.Build.0 = Release|Any CPU
		{05CA16FD-4D4C-4F8B-A31F-FB7A21B17AA5}.Debug|Any CPU.ActiveCfg = Debug|Any CPU
		{05CA16FD-4D4C-4F8B-A31F-FB7A21B17AA5}.Debug|Any CPU.Build.0 = Debug|Any CPU
		{05CA16FD-4D4C-4F8B-A31F-FB7A21B17AA5}.Release|Any CPU.ActiveCfg = Release|Any CPU
		{05CA16FD-4D4C-4F8B-A31F-FB7A21B17AA5}.Release|Any CPU.Build.0 = Release|Any CPU
		{764F1173-BD76-411C-AF62-ADED56EC0F1A}.Debug|Any CPU.ActiveCfg = Debug|Any CPU
		{764F1173-BD76-411C-AF62-ADED56EC0F1A}.Debug|Any CPU.Build.0 = Debug|Any CPU
		{764F1173-BD76-411C-AF62-ADED56EC0F1A}.Release|Any CPU.ActiveCfg = Release|Any CPU
		{764F1173-BD76-411C-AF62-ADED56EC0F1A}.Release|Any CPU.Build.0 = Release|Any CPU
		{F8918A44-B028-48F9-840A-5DF7DE3B3623}.Debug|Any CPU.ActiveCfg = Debug|Any CPU
		{F8918A44-B028-48F9-840A-5DF7DE3B3623}.Debug|Any CPU.Build.0 = Debug|Any CPU
		{F8918A44-B028-48F9-840A-5DF7DE3B3623}.Release|Any CPU.ActiveCfg = Release|Any CPU
		{F8918A44-B028-48F9-840A-5DF7DE3B3623}.Release|Any CPU.Build.0 = Release|Any CPU
		{CB1A276C-E44F-41F0-AFE1-D4F224D68651}.Debug|Any CPU.ActiveCfg = Debug|Any CPU
		{CB1A276C-E44F-41F0-AFE1-D4F224D68651}.Debug|Any CPU.Build.0 = Debug|Any CPU
		{CB1A276C-E44F-41F0-AFE1-D4F224D68651}.Release|Any CPU.ActiveCfg = Release|Any CPU
		{CB1A276C-E44F-41F0-AFE1-D4F224D68651}.Release|Any CPU.Build.0 = Release|Any CPU
		{574D7327-288D-4A91-AB83-0D2B192130F1}.Debug|Any CPU.ActiveCfg = Debug|Any CPU
		{574D7327-288D-4A91-AB83-0D2B192130F1}.Debug|Any CPU.Build.0 = Debug|Any CPU
		{574D7327-288D-4A91-AB83-0D2B192130F1}.Release|Any CPU.ActiveCfg = Release|Any CPU
		{574D7327-288D-4A91-AB83-0D2B192130F1}.Release|Any CPU.Build.0 = Release|Any CPU
		{4920650D-6828-46D5-BD06-DD9303BCE16F}.Debug|Any CPU.ActiveCfg = Debug|Any CPU
		{4920650D-6828-46D5-BD06-DD9303BCE16F}.Debug|Any CPU.Build.0 = Debug|Any CPU
		{4920650D-6828-46D5-BD06-DD9303BCE16F}.Release|Any CPU.ActiveCfg = Release|Any CPU
		{4920650D-6828-46D5-BD06-DD9303BCE16F}.Release|Any CPU.Build.0 = Release|Any CPU
		{94D5BEDE-E8B4-4FAC-AC87-6878ACDA9506}.Debug|Any CPU.ActiveCfg = Debug|Any CPU
		{94D5BEDE-E8B4-4FAC-AC87-6878ACDA9506}.Debug|Any CPU.Build.0 = Debug|Any CPU
		{94D5BEDE-E8B4-4FAC-AC87-6878ACDA9506}.Release|Any CPU.ActiveCfg = Release|Any CPU
		{94D5BEDE-E8B4-4FAC-AC87-6878ACDA9506}.Release|Any CPU.Build.0 = Release|Any CPU
		{242437A6-E277-4954-98C2-1B6E6DCFC26F}.Debug|Any CPU.ActiveCfg = Debug|Any CPU
		{242437A6-E277-4954-98C2-1B6E6DCFC26F}.Debug|Any CPU.Build.0 = Debug|Any CPU
		{242437A6-E277-4954-98C2-1B6E6DCFC26F}.Release|Any CPU.ActiveCfg = Release|Any CPU
		{242437A6-E277-4954-98C2-1B6E6DCFC26F}.Release|Any CPU.Build.0 = Release|Any CPU
		{649ED15A-319E-46C3-A438-B2FA9563D7FF}.Debug|Any CPU.ActiveCfg = Debug|Any CPU
		{649ED15A-319E-46C3-A438-B2FA9563D7FF}.Debug|Any CPU.Build.0 = Debug|Any CPU
		{649ED15A-319E-46C3-A438-B2FA9563D7FF}.Release|Any CPU.ActiveCfg = Release|Any CPU
		{649ED15A-319E-46C3-A438-B2FA9563D7FF}.Release|Any CPU.Build.0 = Release|Any CPU
		{A22D23CD-3AEC-4612-9AE3-5EB51EA68C58}.Debug|Any CPU.ActiveCfg = Debug|Any CPU
		{A22D23CD-3AEC-4612-9AE3-5EB51EA68C58}.Debug|Any CPU.Build.0 = Debug|Any CPU
		{A22D23CD-3AEC-4612-9AE3-5EB51EA68C58}.Release|Any CPU.ActiveCfg = Release|Any CPU
		{A22D23CD-3AEC-4612-9AE3-5EB51EA68C58}.Release|Any CPU.Build.0 = Release|Any CPU
	EndGlobalSection
	GlobalSection(SolutionProperties) = preSolution
		HideSolutionNode = FALSE
	EndGlobalSection
	GlobalSection(NestedProjects) = preSolution
		{0E5BD4EA-CC43-4A0C-935A-D976F0C1AA18} = {A92F09A4-BA92-4AB1-9AC6-0B801066EA5F}
		{365D3069-1933-4B8D-ACFE-C7F0D80DFF16} = {A92F09A4-BA92-4AB1-9AC6-0B801066EA5F}
		{3BC3CF8B-9896-4331-93D1-4A6E61136385} = {293CA34B-5365-4995-8424-55DBB5D1E755}
		{6E3DEC06-C6DF-405C-B38A-B1951776DF19} = {8802B723-CAF2-419F-9FA1-DD6EE96B8ED6}
		{35941CF4-E6B7-4473-9D05-038CAFC7A3A4} = {FEDCB6E1-1CAB-44E8-90E2-981658089939}
		{BF6DE9BF-496B-458C-8DDF-0A10297F0710} = {293CA34B-5365-4995-8424-55DBB5D1E755}
		{2DFD3573-02AE-4819-AB66-10BD558C69CC} = {44290246-6FFD-48A6-8A3C-554BD6291B3C}
		{5A2AACDA-B970-4A7A-9583-E5E6523DC488} = {5AFE4FDF-32F7-4654-B56B-232E37DCFE74}
		{905BD2CE-65CC-433B-B337-F5A72333E284} = {FEDCB6E1-1CAB-44E8-90E2-981658089939}
		{0F9AA369-07D9-4AA2-A1E2-9F0076CAA835} = {365D3069-1933-4B8D-ACFE-C7F0D80DFF16}
		{F79BBE5D-3C4A-45C6-B4D8-42117F55B551} = {365D3069-1933-4B8D-ACFE-C7F0D80DFF16}
		{FCBDDF67-B1EE-473B-82C2-AE4DD7EB9C1E} = {365D3069-1933-4B8D-ACFE-C7F0D80DFF16}
		{05CA16FD-4D4C-4F8B-A31F-FB7A21B17AA5} = {365D3069-1933-4B8D-ACFE-C7F0D80DFF16}
		{764F1173-BD76-411C-AF62-ADED56EC0F1A} = {365D3069-1933-4B8D-ACFE-C7F0D80DFF16}
		{F8918A44-B028-48F9-840A-5DF7DE3B3623} = {0E5BD4EA-CC43-4A0C-935A-D976F0C1AA18}
		{CB1A276C-E44F-41F0-AFE1-D4F224D68651} = {0E5BD4EA-CC43-4A0C-935A-D976F0C1AA18}
		{574D7327-288D-4A91-AB83-0D2B192130F1} = {365D3069-1933-4B8D-ACFE-C7F0D80DFF16}
		{4920650D-6828-46D5-BD06-DD9303BCE16F} = {365D3069-1933-4B8D-ACFE-C7F0D80DFF16}
		{94D5BEDE-E8B4-4FAC-AC87-6878ACDA9506} = {0E5BD4EA-CC43-4A0C-935A-D976F0C1AA18}
		{242437A6-E277-4954-98C2-1B6E6DCFC26F} = {0E5BD4EA-CC43-4A0C-935A-D976F0C1AA18}
		{649ED15A-319E-46C3-A438-B2FA9563D7FF} = {0E5BD4EA-CC43-4A0C-935A-D976F0C1AA18}
		{A22D23CD-3AEC-4612-9AE3-5EB51EA68C58} = {0E5BD4EA-CC43-4A0C-935A-D976F0C1AA18}
	EndGlobalSection
	GlobalSection(ExtensibilityGlobals) = postSolution
		SolutionGuid = {BEDC387F-177A-4DDF-A902-8C474D1FD7DF}
	EndGlobalSection
EndGlobal
